
Microsoft Visual Studio Solution File, Format Version 12.00
# Visual Studio Version 17
VisualStudioVersion = 17.0.32126.317
MinimumVisualStudioVersion = 10.0.40219.1
Project("{FAE04EC0-301F-11D3-BF4B-00C04F79EFBC}") = "Exemplo_While", "Exemplo_While.csproj", "{29887B0C-1F4B-4892-885E-EC50005AD964}"
EndProject
Global
	GlobalSection(SolutionConfigurationPlatforms) = preSolution
		Debug|Any CPU = Debug|Any CPU
		Release|Any CPU = Release|Any CPU
	EndGlobalSection
	GlobalSection(ProjectConfigurationPlatforms) = postSolution
		{29887B0C-1F4B-4892-885E-EC50005AD964}.Debug|Any CPU.ActiveCfg = Debug|Any CPU
		{29887B0C-1F4B-4892-885E-EC50005AD964}.Debug|Any CPU.Build.0 = Debug|Any CPU
		{29887B0C-1F4B-4892-885E-EC50005AD964}.Release|Any CPU.ActiveCfg = Release|Any CPU
		{29887B0C-1F4B-4892-885E-EC50005AD964}.Release|Any CPU.Build.0 = Release|Any CPU
	EndGlobalSection
	GlobalSection(SolutionProperties) = preSolution
		HideSolutionNode = FALSE
	EndGlobalSection
	GlobalSection(ExtensibilityGlobals) = postSolution
		SolutionGuid = {9CF83896-1F60-4F7C-AA73-26BBAE4C1F98}
	EndGlobalSection
EndGlobal
